<?xml version="1.0" encoding="utf-8"?>
<Project ToolsVersion="4.0" xmlns="http://schemas.microsoft.com/developer/msbuild/2003">
  <ItemGroup>
    <Filter Include="Source Files">
      <UniqueIdentifier>{4FC737F1-C7A5-4376-A066-2A32D752A2FF}</UniqueIdentifier>
      <Extensions>cpp;c;cc;cxx;def;odl;idl;hpj;bat;asm;asmx</Extensions>
    </Filter>
    <Filter Include="Header Files">
      <UniqueIdentifier>{93995380-89BD-4b04-88EB-625FBE52EBFB}</UniqueIdentifier>
      <Extensions>h;hh;hpp;hxx;hm;inl;inc;xsd</Extensions>
    </Filter>
    <Filter Include="Resource Files">
      <UniqueIdentifier>{67DA6AB6-F800-4c08-8B7A-83BB121AAD01}</UniqueIdentifier>
      <Extensions>qrc;rc;ico;cur;bmp;dlg;rc2;rct;bin;rgs;gif;jpg;jpeg;jpe;resx;tiff;tif;png;wav;mfcribbon-ms</Extensions>
    </Filter>
  </ItemGroup>
  <ItemGroup>
    <ClCompile Include="main.cpp">
      <Filter>Source Files</Filter>
    </ClCompile>
    <ClCompile Include="TTestObjectManager.cpp">
      <Filter>Source Files</Filter>
    </ClCompile>
    <ClCompile Include="TTestObject.cpp">
      <Filter>Source Files</Filter>
    </ClCompile>
    <ClCompile Include="TTestObjectDocument.cpp">
      <Filter>Source Files</Filter>
    </ClCompile>
    <ClCompile Include="TTestObjectList.cpp">
      <Filter>Source Files</Filter>
    </ClCompile>
    <ClCompile Include="TTestEntity.cpp">
      <Filter>Source Files</Filter>
    </ClCompile>
    <ClCompile Include="TTestLinq.cpp">
      <Filter>Source Files</Filter>
    </ClCompile>
    <ClCompile Include="TTestStorage.cpp">
      <Filter>Source Files</Filter>
    </ClCompile>
    <ClCompile Include="TTestNetwork.cpp">
      <Filter>Source Files</Filter>
    </ClCompile>
    <ClCompile Include="TTestProcess.cpp">
      <Filter>Source Files</Filter>
    </ClCompile>
    <ClCompile Include="TTestCloud.cpp">
      <Filter>Source Files</Filter>
    </ClCompile>
  </ItemGroup>
  <ItemGroup>
    <QtMoc Include="TTestObjectManager.h">
      <Filter>Header Files</Filter>
    </QtMoc>
    <QtMoc Include="TTestObject.h">
      <Filter>Header Files</Filter>
    </QtMoc>
    <QtMoc Include="TTestObjectDocument.h">
      <Filter>Header Files</Filter>
    </QtMoc>
    <QtMoc Include="TTestObjectList.h">
      <Filter>Header Files</Filter>
    </QtMoc>
    <QtMoc Include="TTestEntity.h">
      <Filter>Header Files</Filter>
    </QtMoc>
    <QtMoc Include="TTestLinq.h">
      <Filter>Header Files</Filter>
    </QtMoc>
    <QtMoc Include="TTestStorage.h">
      <Filter>Header Files</Filter>
    </QtMoc>
    <QtMoc Include="TTestNetwork.h">
      <Filter>Header Files</Filter>
    </QtMoc>
    <QtMoc Include="TTestProcess.h">
      <Filter>Header Files</Filter>
    </QtMoc>
    <QtMoc Include="TTestCloud.h">
      <Filter>Header Files</Filter>
    </QtMoc>
  </ItemGroup>
</Project>